
Microsoft Visual Studio Solution File, Format Version 12.00
# Visual Studio 15
VisualStudioVersion = 15.0.28307.168
MinimumVisualStudioVersion = 10.0.40219.1
Project("{FAE04EC0-301F-11D3-BF4B-00C04F79EFBC}") = "DummyProjectSM", "DummyProjectSM\DummyProjectSM.csproj", "{ACCBB219-B551-4409-B6EF-688820027352}"
EndProject
Project("{FAE04EC0-301F-11D3-BF4B-00C04F79EFBC}") = "DummyProjectSM.Tests", "DummyProjectSM.Tests\DummyProjectSM.Tests.csproj", "{64DA2A6E-77AC-4B41-8292-80CA15F6CD63}"
EndProject
Global
	GlobalSection(SolutionConfigurationPlatforms) = preSolution
		Debug|Any CPU = Debug|Any CPU
		Release|Any CPU = Release|Any CPU
	EndGlobalSection
	GlobalSection(ProjectConfigurationPlatforms) = postSolution
		{ACCBB219-B551-4409-B6EF-688820027352}.Debug|Any CPU.ActiveCfg = Debug|Any CPU
		{ACCBB219-B551-4409-B6EF-688820027352}.Debug|Any CPU.Build.0 = Debug|Any CPU
		{ACCBB219-B551-4409-B6EF-688820027352}.Release|Any CPU.ActiveCfg = Release|Any CPU
		{ACCBB219-B551-4409-B6EF-688820027352}.Release|Any CPU.Build.0 = Release|Any CPU
		{64DA2A6E-77AC-4B41-8292-80CA15F6CD63}.Debug|Any CPU.ActiveCfg = Debug|Any CPU
		{64DA2A6E-77AC-4B41-8292-80CA15F6CD63}.Debug|Any CPU.Build.0 = Debug|Any CPU
		{64DA2A6E-77AC-4B41-8292-80CA15F6CD63}.Release|Any CPU.ActiveCfg = Release|Any CPU
		{64DA2A6E-77AC-4B41-8292-80CA15F6CD63}.Release|Any CPU.Build.0 = Release|Any CPU
	EndGlobalSection
	GlobalSection(SolutionProperties) = preSolution
		HideSolutionNode = FALSE
	EndGlobalSection
	GlobalSection(ExtensibilityGlobals) = postSolution
		SolutionGuid = {076D76E4-78EA-4ED6-A022-BD6C75DEDB8F}
	EndGlobalSection
EndGlobal
